
Microsoft Visual Studio Solution File, Format Version 12.00
# Visual Studio Version 16
VisualStudioVersion = 16.0.36128.20
MinimumVisualStudioVersion = 10.0.40219.1
Project("{FAE04EC0-301F-11D3-BF4B-00C04F79EFBC}") = "WebApplication1", "WebApplication1\WebApplication1.csproj", "{2A6EF1F0-FC7B-4701-94F1-DFA362F57516}"
EndProject
Global
	GlobalSection(SolutionConfigurationPlatforms) = preSolution
		Debug|Any CPU = Debug|Any CPU
		Release|Any CPU = Release|Any CPU
	EndGlobalSection
	GlobalSection(ProjectConfigurationPlatforms) = postSolution
		{2A6EF1F0-FC7B-4701-94F1-DFA362F57516}.Debug|Any CPU.ActiveCfg = Debug|Any CPU
		{2A6EF1F0-FC7B-4701-94F1-DFA362F57516}.Debug|Any CPU.Build.0 = Debug|Any CPU
		{2A6EF1F0-FC7B-4701-94F1-DFA362F57516}.Release|Any CPU.ActiveCfg = Release|Any CPU
		{2A6EF1F0-FC7B-4701-94F1-DFA362F57516}.Release|Any CPU.Build.0 = Release|Any CPU
	EndGlobalSection
	GlobalSection(SolutionProperties) = preSolution
		HideSolutionNode = FALSE
	EndGlobalSection
	GlobalSection(ExtensibilityGlobals) = postSolution
		SolutionGuid = {C173B96A-BF00-46DC-BB5F-06A1A35FFAE0}
	EndGlobalSection
EndGlobal
