
Microsoft Visual Studio Solution File, Format Version 12.00
# Visual Studio Version 16
VisualStudioVersion = 16.0.36128.20
MinimumVisualStudioVersion = 10.0.40219.1
Project("{FAE04EC0-301F-11D3-BF4B-00C04F79EFBC}") = "palindrome test", "palindrome test\palindrome test.csproj", "{A480944C-E93C-4597-938A-31DA96D201CD}"
EndProject
Global
	GlobalSection(SolutionConfigurationPlatforms) = preSolution
		Debug|Any CPU = Debug|Any CPU
		Release|Any CPU = Release|Any CPU
	EndGlobalSection
	GlobalSection(ProjectConfigurationPlatforms) = postSolution
		{A480944C-E93C-4597-938A-31DA96D201CD}.Debug|Any CPU.ActiveCfg = Debug|Any CPU
		{A480944C-E93C-4597-938A-31DA96D201CD}.Debug|Any CPU.Build.0 = Debug|Any CPU
		{A480944C-E93C-4597-938A-31DA96D201CD}.Release|Any CPU.ActiveCfg = Release|Any CPU
		{A480944C-E93C-4597-938A-31DA96D201CD}.Release|Any CPU.Build.0 = Release|Any CPU
	EndGlobalSection
	GlobalSection(SolutionProperties) = preSolution
		HideSolutionNode = FALSE
	EndGlobalSection
	GlobalSection(ExtensibilityGlobals) = postSolution
		SolutionGuid = {7BDA02E5-D789-44AE-AC7E-96B01E260DD5}
	EndGlobalSection
EndGlobal
