
Microsoft Visual Studio Solution File, Format Version 12.00
# Visual Studio Version 16
VisualStudioVersion = 16.0.36128.20
MinimumVisualStudioVersion = 10.0.40219.1
Project("{FAE04EC0-301F-11D3-BF4B-00C04F79EFBC}") = "hashtable", "hashtable\hashtable.csproj", "{56986985-F059-41F2-9E26-99EA76F911AD}"
EndProject
Global
	GlobalSection(SolutionConfigurationPlatforms) = preSolution
		Debug|Any CPU = Debug|Any CPU
		Release|Any CPU = Release|Any CPU
	EndGlobalSection
	GlobalSection(ProjectConfigurationPlatforms) = postSolution
		{56986985-F059-41F2-9E26-99EA76F911AD}.Debug|Any CPU.ActiveCfg = Debug|Any CPU
		{56986985-F059-41F2-9E26-99EA76F911AD}.Debug|Any CPU.Build.0 = Debug|Any CPU
		{56986985-F059-41F2-9E26-99EA76F911AD}.Release|Any CPU.ActiveCfg = Release|Any CPU
		{56986985-F059-41F2-9E26-99EA76F911AD}.Release|Any CPU.Build.0 = Release|Any CPU
	EndGlobalSection
	GlobalSection(SolutionProperties) = preSolution
		HideSolutionNode = FALSE
	EndGlobalSection
	GlobalSection(ExtensibilityGlobals) = postSolution
		SolutionGuid = {75AFA4E6-78DA-474C-84F6-D21AF0F6864B}
	EndGlobalSection
EndGlobal
